
Microsoft Visual Studio Solution File, Format Version 12.00
# Visual Studio Version 16
VisualStudioVersion = 16.0.29728.190
MinimumVisualStudioVersion = 10.0.40219.1
Project("{FAE04EC0-301F-11D3-BF4B-00C04F79EFBC}") = "CrudInGridView", "CrudInGridView\CrudInGridView.csproj", "{5FD5FAA3-92E5-4CB6-98D8-85C53FD150B9}"
EndProject
Global
	GlobalSection(SolutionConfigurationPlatforms) = preSolution
		Debug|Any CPU = Debug|Any CPU
		Release|Any CPU = Release|Any CPU
	EndGlobalSection
	GlobalSection(ProjectConfigurationPlatforms) = postSolution
		{5FD5FAA3-92E5-4CB6-98D8-85C53FD150B9}.Debug|Any CPU.ActiveCfg = Debug|Any CPU
		{5FD5FAA3-92E5-4CB6-98D8-85C53FD150B9}.Debug|Any CPU.Build.0 = Debug|Any CPU
		{5FD5FAA3-92E5-4CB6-98D8-85C53FD150B9}.Release|Any CPU.ActiveCfg = Release|Any CPU
		{5FD5FAA3-92E5-4CB6-98D8-85C53FD150B9}.Release|Any CPU.Build.0 = Release|Any CPU
	EndGlobalSection
	GlobalSection(SolutionProperties) = preSolution
		HideSolutionNode = FALSE
	EndGlobalSection
	GlobalSection(ExtensibilityGlobals) = postSolution
		SolutionGuid = {34A86AB2-89F7-4220-9277-2F720ABE0BC6}
	EndGlobalSection
EndGlobal
